
Microsoft Visual Studio Solution File, Format Version 12.00
# Visual Studio Version 16
VisualStudioVersion = 16.0.32002.261
MinimumVisualStudioVersion = 10.0.40219.1
Project("{FAE04EC0-301F-11D3-BF4B-00C04F79EFBC}") = "ChessBoard", "ChessBoard\ChessBoard.csproj", "{7120DF82-3D3B-4E65-95F2-5F9DAFB4041A}"
EndProject
Global
	GlobalSection(SolutionConfigurationPlatforms) = preSolution
		Debug|Any CPU = Debug|Any CPU
		Release|Any CPU = Release|Any CPU
	EndGlobalSection
	GlobalSection(ProjectConfigurationPlatforms) = postSolution
		{7120DF82-3D3B-4E65-95F2-5F9DAFB4041A}.Debug|Any CPU.ActiveCfg = Debug|Any CPU
		{7120DF82-3D3B-4E65-95F2-5F9DAFB4041A}.Debug|Any CPU.Build.0 = Debug|Any CPU
		{7120DF82-3D3B-4E65-95F2-5F9DAFB4041A}.Release|Any CPU.ActiveCfg = Release|Any CPU
		{7120DF82-3D3B-4E65-95F2-5F9DAFB4041A}.Release|Any CPU.Build.0 = Release|Any CPU
	EndGlobalSection
	GlobalSection(SolutionProperties) = preSolution
		HideSolutionNode = FALSE
	EndGlobalSection
	GlobalSection(ExtensibilityGlobals) = postSolution
		SolutionGuid = {5E044BBF-D910-4975-96BB-CA48EBA1B551}
	EndGlobalSection
EndGlobal
